// !$*UTF8*$!
{
	archiveVersion = 1;
	classes = {
	};
	objectVersion = 46;
	objects = {

/* Begin PBXBuildFile section */
		BAD644F01ABABB1D00F66F2A /* main.m in Sources */ = {isa = PBXBuildFile; fileRef = BAD644EF1ABABB1D00F66F2A /* main.m */; };
		BAD644F31ABABB1D00F66F2A /* AppDelegate.m in Sources */ = {isa = PBXBuildFile; fileRef = BAD644F21ABABB1D00F66F2A /* AppDelegate.m */; };
		BAD644F91ABABB1D00F66F2A /* Main.storyboard in Resources */ = {isa = PBXBuildFile; fileRef = BAD644F71ABABB1D00F66F2A /* Main.storyboard */; };
		BAD644FB1ABABB1D00F66F2A /* Images.xcassets in Resources */ = {isa = PBXBuildFile; fileRef = BAD644FA1ABABB1D00F66F2A /* Images.xcassets */; };
		BAD644FE1ABABB1D00F66F2A /* LaunchScreen.xib in Resources */ = {isa = PBXBuildFile; fileRef = BAD644FC1ABABB1D00F66F2A /* LaunchScreen.xib */; };
		BAD6450A1ABABB1D00F66F2A /* FeCondomMenuTests.m in Sources */ = {isa = PBXBuildFile; fileRef = BAD645091ABABB1D00F66F2A /* FeCondomMenuTests.m */; };
		BAD645161ABABE1500F66F2A /* FeCondomCollectionViewFlowLayout.m in Sources */ = {isa = PBXBuildFile; fileRef = BAD645151ABABE1500F66F2A /* FeCondomCollectionViewFlowLayout.m */; };
		BAD6451A1ABABFDA00F66F2A /* FeMainViewController.m in Sources */ = {isa = PBXBuildFile; fileRef = BAD645191ABABFDA00F66F2A /* FeMainViewController.m */; };
		BAD6451F1ABAC0FC00F66F2A /* FeMenuCell.m in Sources */ = {isa = PBXBuildFile; fileRef = BAD6451E1ABAC0FC00F66F2A /* FeMenuCell.m */; };
		BAD645221ABAC20200F66F2A /* UIColor+flat.m in Sources */ = {isa = PBXBuildFile; fileRef = BAD645211ABAC20200F66F2A /* UIColor+flat.m */; };
/* End PBXBuildFile section */

/* Begin PBXContainerItemProxy section */
		BAD645041ABABB1D00F66F2A /* PBXContainerItemProxy */ = {
			isa = PBXContainerItemProxy;
			containerPortal = BAD644E21ABABB1C00F66F2A /* Project object */;
			proxyType = 1;
			remoteGlobalIDString = BAD644E91ABABB1C00F66F2A;
			remoteInfo = FeCondomMenu;
		};
/* End PBXContainerItemProxy section */

/* Begin PBXFileReference section */
		BAD644EA1ABABB1C00F66F2A /* FeCondomMenu.app */ = {isa = PBXFileReference; explicitFileType = wrapper.application; includeInIndex = 0; path = FeCondomMenu.app; sourceTree = BUILT_PRODUCTS_DIR; };
		BAD644EE1ABABB1D00F66F2A /* Info.plist */ = {isa = PBXFileReference; lastKnownFileType = text.plist.xml; path = Info.plist; sourceTree = "<group>"; };
		BAD644EF1ABABB1D00F66F2A /* main.m */ = {isa = PBXFileReference; lastKnownFileType = sourcecode.c.objc; path = main.m; sourceTree = "<group>"; };
		BAD644F11ABABB1D00F66F2A /* AppDelegate.h */ = {isa = PBXFileReference; lastKnownFileType = sourcecode.c.h; path = AppDelegate.h; sourceTree = "<group>"; };
		BAD644F21ABABB1D00F66F2A /* AppDelegate.m */ = {isa = PBXFileReference; lastKnownFileType = sourcecode.c.objc; path = AppDelegate.m; sourceTree = "<group>"; };
		BAD644F81ABABB1D00F66F2A /* Base */ = {isa = PBXFileReference; lastKnownFileType = file.storyboard; name = Base; path = Base.lproj/Main.storyboard; sourceTree = "<group>"; };
		BAD644FA1ABABB1D00F66F2A /* Images.xcassets */ = {isa = PBXFileReference; lastKnownFileType = folder.assetcatalog; path = Images.xcassets; sourceTree = "<group>"; };
		BAD644FD1ABABB1D00F66F2A /* Base */ = {isa = PBXFileReference; lastKnownFileType = file.xib; name = Base; path = Base.lproj/LaunchScreen.xib; sourceTree = "<group>"; };
		BAD645031ABABB1D00F66F2A /* FeCondomMenuTests.xctest */ = {isa = PBXFileReference; explicitFileType = wrapper.cfbundle; includeInIndex = 0; path = FeCondomMenuTests.xctest; sourceTree = BUILT_PRODUCTS_DIR; };
		BAD645081ABABB1D00F66F2A /* Info.plist */ = {isa = PBXFileReference; lastKnownFileType = text.plist.xml; path = Info.plist; sourceTree = "<group>"; };
		BAD645091ABABB1D00F66F2A /* FeCondomMenuTests.m */ = {isa = PBXFileReference; lastKnownFileType = sourcecode.c.objc; path = FeCondomMenuTests.m; sourceTree = "<group>"; };
		BAD645141ABABE1500F66F2A /* FeCondomCollectionViewFlowLayout.h */ = {isa = PBXFileReference; fileEncoding = 4; lastKnownFileType = sourcecode.c.h; path = FeCondomCollectionViewFlowLayout.h; sourceTree = "<group>"; };
		BAD645151ABABE1500F66F2A /* FeCondomCollectionViewFlowLayout.m */ = {isa = PBXFileReference; fileEncoding = 4; lastKnownFileType = sourcecode.c.objc; path = FeCondomCollectionViewFlowLayout.m; sourceTree = "<group>"; };
		BAD645181ABABFDA00F66F2A /* FeMainViewController.h */ = {isa = PBXFileReference; fileEncoding = 4; lastKnownFileType = sourcecode.c.h; path = FeMainViewController.h; sourceTree = "<group>"; };
		BAD645191ABABFDA00F66F2A /* FeMainViewController.m */ = {isa = PBXFileReference; fileEncoding = 4; lastKnownFileType = sourcecode.c.objc; path = FeMainViewController.m; sourceTree = "<group>"; };
		BAD6451D1ABAC0FC00F66F2A /* FeMenuCell.h */ = {isa = PBXFileReference; fileEncoding = 4; lastKnownFileType = sourcecode.c.h; path = FeMenuCell.h; sourceTree = "<group>"; };
		BAD6451E1ABAC0FC00F66F2A /* FeMenuCell.m */ = {isa = PBXFileReference; fileEncoding = 4; lastKnownFileType = sourcecode.c.objc; path = FeMenuCell.m; sourceTree = "<group>"; };
		BAD645201ABAC20200F66F2A /* UIColor+flat.h */ = {isa = PBXFileReference; fileEncoding = 4; lastKnownFileType = sourcecode.c.h; path = "UIColor+flat.h"; sourceTree = "<group>"; };
		BAD645211ABAC20200F66F2A /* UIColor+flat.m */ = {isa = PBXFileReference; fileEncoding = 4; lastKnownFileType = sourcecode.c.objc; path = "UIColor+flat.m"; sourceTree = "<group>"; };
/* End PBXFileReference section */

/* Begin PBXFrameworksBuildPhase section */
		BAD644E71ABABB1C00F66F2A /* Frameworks */ = {
			isa = PBXFrameworksBuildPhase;
			buildActionMask = 2147483647;
			files = (
			);
			runOnlyForDeploymentPostprocessing = 0;
		};
		BAD645001ABABB1D00F66F2A /* Frameworks */ = {
			isa = PBXFrameworksBuildPhase;
			buildActionMask = 2147483647;
			files = (
			);
			runOnlyForDeploymentPostprocessing = 0;
		};
/* End PBXFrameworksBuildPhase section */

/* Begin PBXGroup section */
		BAD644E11ABABB1C00F66F2A = {
			isa = PBXGroup;
			children = (
				BAD644EC1ABABB1C00F66F2A /* FeCondomMenu */,
				BAD645061ABABB1D00F66F2A /* FeCondomMenuTests */,
				BAD644EB1ABABB1C00F66F2A /* Products */,
			);
			sourceTree = "<group>";
		};
		BAD644EB1ABABB1C00F66F2A /* Products */ = {
			isa = PBXGroup;
			children = (
				BAD644EA1ABABB1C00F66F2A /* FeCondomMenu.app */,
				BAD645031ABABB1D00F66F2A /* FeCondomMenuTests.xctest */,
			);
			name = Products;
			sourceTree = "<group>";
		};
		BAD644EC1ABABB1C00F66F2A /* FeCondomMenu */ = {
			isa = PBXGroup;
			children = (
				BAD645171ABABFC300F66F2A /* Example */,
				BAD645131ABABDEA00F66F2A /* FeCondomMenu */,
				BAD644F11ABABB1D00F66F2A /* AppDelegate.h */,
				BAD644F21ABABB1D00F66F2A /* AppDelegate.m */,
				BAD644F71ABABB1D00F66F2A /* Main.storyboard */,
				BAD644FA1ABABB1D00F66F2A /* Images.xcassets */,
				BAD644FC1ABABB1D00F66F2A /* LaunchScreen.xib */,
				BAD644ED1ABABB1C00F66F2A /* Supporting Files */,
			);
			path = FeCondomMenu;
			sourceTree = "<group>";
		};
		BAD644ED1ABABB1C00F66F2A /* Supporting Files */ = {
			isa = PBXGroup;
			children = (
				BAD644EE1ABABB1D00F66F2A /* Info.plist */,
				BAD644EF1ABABB1D00F66F2A /* main.m */,
			);
			name = "Supporting Files";
			sourceTree = "<group>";
		};
		BAD645061ABABB1D00F66F2A /* FeCondomMenuTests */ = {
			isa = PBXGroup;
			children = (
				BAD645091ABABB1D00F66F2A /* FeCondomMenuTests.m */,
				BAD645071ABABB1D00F66F2A /* Supporting Files */,
			);
			path = FeCondomMenuTests;
			sourceTree = "<group>";
		};
		BAD645071ABABB1D00F66F2A /* Supporting Files */ = {
			isa = PBXGroup;
			children = (
				BAD645081ABABB1D00F66F2A /* Info.plist */,
			);
			name = "Supporting Files";
			sourceTree = "<group>";
		};
		BAD645131ABABDEA00F66F2A /* FeCondomMenu */ = {
			isa = PBXGroup;
			children = (
				BAD645201ABAC20200F66F2A /* UIColor+flat.h */,
				BAD645211ABAC20200F66F2A /* UIColor+flat.m */,
				BAD645141ABABE1500F66F2A /* FeCondomCollectionViewFlowLayout.h */,
				BAD645151ABABE1500F66F2A /* FeCondomCollectionViewFlowLayout.m */,
			);
			name = FeCondomMenu;
			sourceTree = "<group>";
		};
		BAD645171ABABFC300F66F2A /* Example */ = {
			isa = PBXGroup;
			children = (
				BAD6451C1ABAC0DE00F66F2A /* Controller */,
				BAD6451B1ABAC0D800F66F2A /* Cell */,
			);
			name = Example;
			sourceTree = "<group>";
		};
		BAD6451B1ABAC0D800F66F2A /* Cell */ = {
			isa = PBXGroup;
			children = (
				BAD6451D1ABAC0FC00F66F2A /* FeMenuCell.h */,
				BAD6451E1ABAC0FC00F66F2A /* FeMenuCell.m */,
			);
			name = Cell;
			sourceTree = "<group>";
		};
		BAD6451C1ABAC0DE00F66F2A /* Controller */ = {
			isa = PBXGroup;
			children = (
				BAD645181ABABFDA00F66F2A /* FeMainViewController.h */,
				BAD645191ABABFDA00F66F2A /* FeMainViewController.m */,
			);
			name = Controller;
			sourceTree = "<group>";
		};
/* End PBXGroup section */

/* Begin PBXNativeTarget section */
		BAD644E91ABABB1C00F66F2A /* FeCondomMenu */ = {
			isa = PBXNativeTarget;
			buildConfigurationList = BAD6450D1ABABB1D00F66F2A /* Build configuration list for PBXNativeTarget "FeCondomMenu" */;
			buildPhases = (
				BAD644E61ABABB1C00F66F2A /* Sources */,
				BAD644E71ABABB1C00F66F2A /* Frameworks */,
				BAD644E81ABABB1C00F66F2A /* Resources */,
			);
			buildRules = (
			);
			dependencies = (
			);
			name = FeCondomMenu;
			productName = FeCondomMenu;
			productReference = BAD644EA1ABABB1C00F66F2A /* FeCondomMenu.app */;
			productType = "com.apple.product-type.application";
		};
		BAD645021ABABB1D00F66F2A /* FeCondomMenuTests */ = {
			isa = PBXNativeTarget;
			buildConfigurationList = BAD645101ABABB1D00F66F2A /* Build configuration list for PBXNativeTarget "FeCondomMenuTests" */;
			buildPhases = (
				BAD644FF1ABABB1D00F66F2A /* Sources */,
				BAD645001ABABB1D00F66F2A /* Frameworks */,
				BAD645011ABABB1D00F66F2A /* Resources */,
			);
			buildRules = (
			);
			dependencies = (
				BAD645051ABABB1D00F66F2A /* PBXTargetDependency */,
			);
			name = FeCondomMenuTests;
			productName = FeCondomMenuTests;
			productReference = BAD645031ABABB1D00F66F2A /* FeCondomMenuTests.xctest */;
			productType = "com.apple.product-type.bundle.unit-test";
		};
/* End PBXNativeTarget section */

/* Begin PBXProject section */
		BAD644E21ABABB1C00F66F2A /* Project object */ = {
			isa = PBXProject;
			attributes = {
				LastUpgradeCheck = 0610;
				ORGANIZATIONNAME = Fe;
				TargetAttributes = {
					BAD644E91ABABB1C00F66F2A = {
						CreatedOnToolsVersion = 6.1.1;
					};
					BAD645021ABABB1D00F66F2A = {
						CreatedOnToolsVersion = 6.1.1;
						TestTargetID = BAD644E91ABABB1C00F66F2A;
					};
				};
			};
			buildConfigurationList = BAD644E51ABABB1C00F66F2A /* Build configuration list for PBXProject "FeCondomMenu" */;
			compatibilityVersion = "Xcode 3.2";
			developmentRegion = English;
			hasScannedForEncodings = 0;
			knownRegions = (
				en,
				Base,
			);
			mainGroup = BAD644E11ABABB1C00F66F2A;
			productRefGroup = BAD644EB1ABABB1C00F66F2A /* Products */;
			projectDirPath = "";
			projectRoot = "";
			targets = (
				BAD644E91ABABB1C00F66F2A /* FeCondomMenu */,
				BAD645021ABABB1D00F66F2A /* FeCondomMenuTests */,
			);
		};
/* End PBXProject section */

/* Begin PBXResourcesBuildPhase section */
		BAD644E81ABABB1C00F66F2A /* Resources */ = {
			isa = PBXResourcesBuildPhase;
			buildActionMask = 2147483647;
			files = (
				BAD644F91ABABB1D00F66F2A /* Main.storyboard in Resources */,
				BAD644FE1ABABB1D00F66F2A /* LaunchScreen.xib in Resources */,
				BAD644FB1ABABB1D00F66F2A /* Images.xcassets in Resources */,
			);
			runOnlyForDeploymentPostprocessing = 0;
		};
		BAD645011ABABB1D00F66F2A /* Resources */ = {
			isa = PBXResourcesBuildPhase;
			buildActionMask = 2147483647;
			files = (
			);
			runOnlyForDeploymentPostprocessing = 0;
		};
/* End PBXResourcesBuildPhase section */

/* Begin PBXSourcesBuildPhase section */
		BAD644E61ABABB1C00F66F2A /* Sources */ = {
			isa = PBXSourcesBuildPhase;
			buildActionMask = 2147483647;
			files = (
				BAD6451A1ABABFDA00F66F2A /* FeMainViewController.m in Sources */,
				BAD645161ABABE1500F66F2A /* FeCondomCollectionViewFlowLayout.m in Sources */,
				BAD6451F1ABAC0FC00F66F2A /* FeMenuCell.m in Sources */,
				BAD644F31ABABB1D00F66F2A /* AppDelegate.m in Sources */,
				BAD645221ABAC20200F66F2A /* UIColor+flat.m in Sources */,
				BAD644F01ABABB1D00F66F2A /* main.m in Sources */,
			);
			runOnlyForDeploymentPostprocessing = 0;
		};
		BAD644FF1ABABB1D00F66F2A /* Sources */ = {
			isa = PBXSourcesBuildPhase;
			buildActionMask = 2147483647;
			files = (
				BAD6450A1ABABB1D00F66F2A /* FeCondomMenuTests.m in Sources */,
			);
			runOnlyForDeploymentPostprocessing = 0;
		};
/* End PBXSourcesBuildPhase section */

/* Begin PBXTargetDependency section */
		BAD645051ABABB1D00F66F2A /* PBXTargetDependency */ = {
			isa = PBXTargetDependency;
			target = BAD644E91ABABB1C00F66F2A /* FeCondomMenu */;
			targetProxy = BAD645041ABABB1D00F66F2A /* PBXContainerItemProxy */;
		};
/* End PBXTargetDependency section */

/* Begin PBXVariantGroup section */
		BAD644F71ABABB1D00F66F2A /* Main.storyboard */ = {
			isa = PBXVariantGroup;
			children = (
				BAD644F81ABABB1D00F66F2A /* Base */,
			);
			name = Main.storyboard;
			sourceTree = "<group>";
		};
		BAD644FC1ABABB1D00F66F2A /* LaunchScreen.xib */ = {
			isa = PBXVariantGroup;
			children = (
				BAD644FD1ABABB1D00F66F2A /* Base */,
			);
			name = LaunchScreen.xib;
			sourceTree = "<group>";
		};
/* End PBXVariantGroup section */

/* Begin XCBuildConfiguration section */
		BAD6450B1ABABB1D00F66F2A /* Debug */ = {
			isa = XCBuildConfiguration;
			buildSettings = {
				ALWAYS_SEARCH_USER_PATHS = NO;
				CLANG_CXX_LANGUAGE_STANDARD = "gnu++0x";
				CLANG_CXX_LIBRARY = "libc++";
				CLANG_ENABLE_MODULES = YES;
				CLANG_ENABLE_OBJC_ARC = YES;
				CLANG_WARN_BOOL_CONVERSION = YES;
				CLANG_WARN_CONSTANT_CONVERSION = YES;
				CLANG_WARN_DIRECT_OBJC_ISA_USAGE = YES_ERROR;
				CLANG_WARN_EMPTY_BODY = YES;
				CLANG_WARN_ENUM_CONVERSION = YES;
				CLANG_WARN_INT_CONVERSION = YES;
				CLANG_WARN_OBJC_ROOT_CLASS = YES_ERROR;
				CLANG_WARN_UNREACHABLE_CODE = YES;
				CLANG_WARN__DUPLICATE_METHOD_MATCH = YES;
				"CODE_SIGN_IDENTITY[sdk=iphoneos*]" = "iPhone Developer";
				COPY_PHASE_STRIP = NO;
				ENABLE_STRICT_OBJC_MSGSEND = YES;
				GCC_C_LANGUAGE_STANDARD = gnu99;
				GCC_DYNAMIC_NO_PIC = NO;
				GCC_OPTIMIZATION_LEVEL = 0;
				GCC_PREPROCESSOR_DEFINITIONS = (
					"DEBUG=1",
					"$(inherited)",
				);
				GCC_SYMBOLS_PRIVATE_EXTERN = NO;
				GCC_WARN_64_TO_32_BIT_CONVERSION = YES;
				GCC_WARN_ABOUT_RETURN_TYPE = YES_ERROR;
				GCC_WARN_UNDECLARED_SELECTOR = YES;
				GCC_WARN_UNINITIALIZED_AUTOS = YES_AGGRESSIVE;
				GCC_WARN_UNUSED_FUNCTION = YES;
				GCC_WARN_UNUSED_VARIABLE = YES;
				IPHONEOS_DEPLOYMENT_TARGET = 8.1;
				MTL_ENABLE_DEBUG_INFO = YES;
				ONLY_ACTIVE_ARCH = YES;
				SDKROOT = iphoneos;
			};
			name = Debug;
		};
		BAD6450C1ABABB1D00F66F2A /* Release */ = {
			isa = XCBuildConfiguration;
			buildSettings = {
				ALWAYS_SEARCH_USER_PATHS = NO;
				CLANG_CXX_LANGUAGE_STANDARD = "gnu++0x";
				CLANG_CXX_LIBRARY = "libc++";
				CLANG_ENABLE_MODULES = YES;
				CLANG_ENABLE_OBJC_ARC = YES;
				CLANG_WARN_BOOL_CONVERSION = YES;
				CLANG_WARN_CONSTANT_CONVERSION = YES;
				CLANG_WARN_DIRECT_OBJC_ISA_USAGE = YES_ERROR;
				CLANG_WARN_EMPTY_BODY = YES;
				CLANG_WARN_ENUM_CONVERSION = YES;
				CLANG_WARN_INT_CONVERSION = YES;
				CLANG_WARN_OBJC_ROOT_CLASS = YES_ERROR;
				CLANG_WARN_UNREACHABLE_CODE = YES;
				CLANG_WARN__DUPLICATE_METHOD_MATCH = YES;
				"CODE_SIGN_IDENTITY[sdk=iphoneos*]" = "iPhone Developer";
				COPY_PHASE_STRIP = YES;
				ENABLE_NS_ASSERTIONS = NO;
				ENABLE_STRICT_OBJC_MSGSEND = YES;
				GCC_C_LANGUAGE_STANDARD = gnu99;
				GCC_WARN_64_TO_32_BIT_CONVERSION = YES;
				GCC_WARN_ABOUT_RETURN_TYPE = YES_ERROR;
				GCC_WARN_UNDECLARED_SELECTOR = YES;
				GCC_WARN_UNINITIALIZED_AUTOS = YES_AGGRESSIVE;
				GCC_WARN_UNUSED_FUNCTION = YES;
				GCC_WARN_UNUSED_VARIABLE = YES;
				IPHONEOS_DEPLOYMENT_TARGET = 8.1;
				MTL_ENABLE_DEBUG_INFO = NO;
				SDKROOT = iphoneos;
				VALIDATE_PRODUCT = YES;
			};
			name = Release;
		};
		BAD6450E1ABABB1D00F66F2A /* Debug */ = {
			isa = XCBuildConfiguration;
			buildSettings = {
				ASSETCATALOG_COMPILER_APPICON_NAME = AppIcon;
				INFOPLIST_FILE = FeCondomMenu/Info.plist;
				LD_RUNPATH_SEARCH_PATHS = "$(inherited) @executable_path/Frameworks";
				PRODUCT_NAME = "$(TARGET_NAME)";
			};
			name = Debug;
		};
		BAD6450F1ABABB1D00F66F2A /* Release */ = {
			isa = XCBuildConfiguration;
			buildSettings = {
				ASSETCATALOG_COMPILER_APPICON_NAME = AppIcon;
				INFOPLIST_FILE = FeCondomMenu/Info.plist;
				LD_RUNPATH_SEARCH_PATHS = "$(inherited) @executable_path/Frameworks";
				PRODUCT_NAME = "$(TARGET_NAME)";
			};
			name = Release;
		};
		BAD645111ABABB1D00F66F2A /* Debug */ = {
			isa = XCBuildConfiguration;
			buildSettings = {
				BUNDLE_LOADER = "$(TEST_HOST)";
				FRAMEWORK_SEARCH_PATHS = (
					"$(SDKROOT)/Developer/Library/Frameworks",
					"$(inherited)",
				);
				GCC_PREPROCESSOR_DEFINITIONS = (
					"DEBUG=1",
					"$(inherited)",
				);
				INFOPLIST_FILE = FeCondomMenuTests/Info.plist;
				LD_RUNPATH_SEARCH_PATHS = "$(inherited) @executable_path/Frameworks @loader_path/Frameworks";
				PRODUCT_NAME = "$(TARGET_NAME)";
				TEST_HOST = "$(BUILT_PRODUCTS_DIR)/FeCondomMenu.app/FeCondomMenu";
			};
			name = Debug;
		};
		BAD645121ABABB1D00F66F2A /* Release */ = {
			isa = XCBuildConfiguration;
			buildSettings = {
				BUNDLE_LOADER = "$(TEST_HOST)";
				FRAMEWORK_SEARCH_PATHS = (
					"$(SDKROOT)/Developer/Library/Frameworks",
					"$(inherited)",
				);
				INFOPLIST_FILE = FeCondomMenuTests/Info.plist;
				LD_RUNPATH_SEARCH_PATHS = "$(inherited) @executable_path/Frameworks @loader_path/Frameworks";
				PRODUCT_NAME = "$(TARGET_NAME)";
				TEST_HOST = "$(BUILT_PRODUCTS_DIR)/FeCondomMenu.app/FeCondomMenu";
			};
			name = Release;
		};
/* End XCBuildConfiguration section */

/* Begin XCConfigurationList section */
		BAD644E51ABABB1C00F66F2A /* Build configuration list for PBXProject "FeCondomMenu" */ = {
			isa = XCConfigurationList;
			buildConfigurations = (
				BAD6450B1ABABB1D00F66F2A /* Debug */,
				BAD6450C1ABABB1D00F66F2A /* Release */,
			);
			defaultConfigurationIsVisible = 0;
			defaultConfigurationName = Release;
		};
		BAD6450D1ABABB1D00F66F2A /* Build configuration list for PBXNativeTarget "FeCondomMenu" */ = {
			isa = XCConfigurationList;
			buildConfigurations = (
				BAD6450E1ABABB1D00F66F2A /* Debug */,
				BAD6450F1ABABB1D00F66F2A /* Release */,
			);
			defaultConfigurationIsVisible = 0;
		};
		BAD645101ABABB1D00F66F2A /* Build configuration list for PBXNativeTarget "FeCondomMenuTests" */ = {
			isa = XCConfigurationList;
			buildConfigurations = (
				BAD645111ABABB1D00F66F2A /* Debug */,
				BAD645121ABABB1D00F66F2A /* Release */,
			);
			defaultConfigurationIsVisible = 0;
		};
/* End XCConfigurationList section */
	};
	rootObject = BAD644E21ABABB1C00F66F2A /* Project object */;
}
